
Microsoft Visual Studio Solution File, Format Version 12.00
# Visual Studio Version 17
VisualStudioVersion = 17.0.31919.166
MinimumVisualStudioVersion = 10.0.40219.1
Project("{FAE04EC0-301F-11D3-BF4B-00C04F79EFBC}") = "polityko_lb3", "polityko_lb3\polityko_lb3.csproj", "{FB01517F-FB99-4818-92E1-739F08DFC6DB}"
EndProject
Global
	GlobalSection(SolutionConfigurationPlatforms) = preSolution
		Debug|Any CPU = Debug|Any CPU
		Release|Any CPU = Release|Any CPU
	EndGlobalSection
	GlobalSection(ProjectConfigurationPlatforms) = postSolution
		{FB01517F-FB99-4818-92E1-739F08DFC6DB}.Debug|Any CPU.ActiveCfg = Debug|Any CPU
		{FB01517F-FB99-4818-92E1-739F08DFC6DB}.Debug|Any CPU.Build.0 = Debug|Any CPU
		{FB01517F-FB99-4818-92E1-739F08DFC6DB}.Release|Any CPU.ActiveCfg = Release|Any CPU
		{FB01517F-FB99-4818-92E1-739F08DFC6DB}.Release|Any CPU.Build.0 = Release|Any CPU
	EndGlobalSection
	GlobalSection(SolutionProperties) = preSolution
		HideSolutionNode = FALSE
	EndGlobalSection
	GlobalSection(ExtensibilityGlobals) = postSolution
		SolutionGuid = {97C4BF49-9499-471D-A720-9D1C0F141997}
	EndGlobalSection
EndGlobal
